
Microsoft Visual Studio Solution File, Format Version 12.00
# Visual Studio Version 17
VisualStudioVersion = 17.1.32319.34
MinimumVisualStudioVersion = 10.0.40219.1
Project("{9A19103F-16F7-4668-BE54-9A1E7A4F7556}") = "Log4Net.Extensions", "Log4Net.Extensions\Log4Net.Extensions.csproj", "{AF253B19-9A48-4007-A15D-8604D06C06A4}"
EndProject
Project("{9A19103F-16F7-4668-BE54-9A1E7A4F7556}") = "Log4Net.ExtensionsTests", "Log4Net.ExtensionsTests\Log4Net.ExtensionsTests.csproj", "{87A06920-17D9-41D6-AEE3-CCE16D0A9307}"
EndProject
Global
	GlobalSection(SolutionConfigurationPlatforms) = preSolution
		Debug|Any CPU = Debug|Any CPU
		Release|Any CPU = Release|Any CPU
	EndGlobalSection
	GlobalSection(ProjectConfigurationPlatforms) = postSolution
		{AF253B19-9A48-4007-A15D-8604D06C06A4}.Debug|Any CPU.ActiveCfg = Debug|Any CPU
		{AF253B19-9A48-4007-A15D-8604D06C06A4}.Debug|Any CPU.Build.0 = Debug|Any CPU
		{AF253B19-9A48-4007-A15D-8604D06C06A4}.Release|Any CPU.ActiveCfg = Release|Any CPU
		{AF253B19-9A48-4007-A15D-8604D06C06A4}.Release|Any CPU.Build.0 = Release|Any CPU
		{87A06920-17D9-41D6-AEE3-CCE16D0A9307}.Debug|Any CPU.ActiveCfg = Debug|Any CPU
		{87A06920-17D9-41D6-AEE3-CCE16D0A9307}.Debug|Any CPU.Build.0 = Debug|Any CPU
		{87A06920-17D9-41D6-AEE3-CCE16D0A9307}.Release|Any CPU.ActiveCfg = Release|Any CPU
		{87A06920-17D9-41D6-AEE3-CCE16D0A9307}.Release|Any CPU.Build.0 = Release|Any CPU
	EndGlobalSection
	GlobalSection(SolutionProperties) = preSolution
		HideSolutionNode = FALSE
	EndGlobalSection
	GlobalSection(ExtensibilityGlobals) = postSolution
		SolutionGuid = {B79798A8-1C71-40BC-BF28-04A1AE3BC8FD}
	EndGlobalSection
EndGlobal
